
Microsoft Visual Studio Solution File, Format Version 12.00
# Visual Studio Version 17
VisualStudioVersion = 17.4.33213.308
MinimumVisualStudioVersion = 10.0.40219.1
Project("{FAE04EC0-301F-11D3-BF4B-00C04F79EFBC}") = "CityEvents", "CityEvents\CityEvents.csproj", "{7591AE08-E7E6-41EF-85D4-95FD4215222D}"
EndProject
Global
	GlobalSection(SolutionConfigurationPlatforms) = preSolution
		Debug|Any CPU = Debug|Any CPU
		Release|Any CPU = Release|Any CPU
	EndGlobalSection
	GlobalSection(ProjectConfigurationPlatforms) = postSolution
		{7591AE08-E7E6-41EF-85D4-95FD4215222D}.Debug|Any CPU.ActiveCfg = Debug|Any CPU
		{7591AE08-E7E6-41EF-85D4-95FD4215222D}.Debug|Any CPU.Build.0 = Debug|Any CPU
		{7591AE08-E7E6-41EF-85D4-95FD4215222D}.Release|Any CPU.ActiveCfg = Release|Any CPU
		{7591AE08-E7E6-41EF-85D4-95FD4215222D}.Release|Any CPU.Build.0 = Release|Any CPU
	EndGlobalSection
	GlobalSection(SolutionProperties) = preSolution
		HideSolutionNode = FALSE
	EndGlobalSection
	GlobalSection(ExtensibilityGlobals) = postSolution
		SolutionGuid = {0A01AFA4-0C2D-473A-B935-A1C2594A665C}
	EndGlobalSection
EndGlobal
